version = 1
revision = 3
requires-python = "==3.14.*"

[[package]]
name = "blake3"
version = "1.0.8"
source = { registry = "https://pypi.org/simple" }
sdist = { url = "https://files.pythonhosted.org/packages/75/aa/abcd75e9600987a0bc6cfe9b6b2ff3f0e2cb08c170addc6e76035b5c4cb3/blake3-1.0.8.tar.gz", hash = "sha256:513cc7f0f5a7c035812604c2c852a0c1468311345573de647e310aca4ab165ba", size = 117308, upload-time = "2025-10-14T06:47:48.83Z" }
wheels = [
    { url = "https://files.pythonhosted.org/packages/2e/2a/9f13ea01b03b1b4751a1cc2b6c1ef4b782e19433a59cf35b59cafb2a2696/blake3-1.0.8-cp314-cp314-macosx_10_12_x86_64.whl", hash = "sha256:2c33dac2c6112bc23f961a7ca305c7e34702c8177040eb98d0389d13a347b9e1", size = 347016, upload-time = "2025-10-14T06:46:40.318Z" },
    { url = "https://files.pythonhosted.org/packages/06/8e/8458c4285fbc5de76414f243e4e0fcab795d71a8b75324e14959aee699da/blake3-1.0.8-cp314-cp314-macosx_11_0_arm64.whl", hash = "sha256:c445eff665d21c3b3b44f864f849a2225b1164c08654beb23224a02f087b7ff1", size = 324496, upload-time = "2025-10-14T06:46:42.355Z" },
    { url = "https://files.pythonhosted.org/packages/49/fa/b913eb9cc4af708c03e01e6b88a8bb3a74833ba4ae4b16b87e2829198e06/blake3-1.0.8-cp314-cp314-manylinux_2_17_aarch64.manylinux2014_aarch64.whl", hash = "sha256:a47939f04b89c5c6ff1e51e883e5efab1ea1bf01a02f4d208d216dddd63d0dd8", size = 370654, upload-time = "2025-10-14T06:46:43.907Z" },
    { url = "https://files.pythonhosted.org/packages/7f/4f/245e0800c33b99c8f2b570d9a7199b51803694913ee4897f339648502933/blake3-1.0.8-cp314-cp314-manylinux_2_17_armv7l.manylinux2014_armv7l.whl", hash = "sha256:73e0b4fa25f6e3078526a592fb38fca85ef204fd02eced6731e1cdd9396552d4", size = 374693, upload-time = "2025-10-14T06:46:45.186Z" },
    { url = "https://files.pythonhosted.org/packages/a2/a6/8cb182c8e482071dbdfcc6ec0048271fd48bcb78782d346119ff54993700/blake3-1.0.8-cp314-cp314-manylinux_2_17_i686.manylinux2014_i686.whl", hash = "sha256:4b0543c57eb9d6dac9d4bced63e9f7f7b546886ac04cec8da3c3d9c8f30cbbb7", size = 447673, upload-time = "2025-10-14T06:46:46.358Z" },
    { url = "https://files.pythonhosted.org/packages/06/b7/1cbbb5574d2a9436d1b15e7eb5b9d82e178adcaca71a97b0fddaca4bfe3a/blake3-1.0.8-cp314-cp314-manylinux_2_17_ppc64le.manylinux2014_ppc64le.whl", hash = "sha256:ed972ebd553c0c25363459e9fc71a38c045d8419e365b59acd8cd791eff13981", size = 507233, upload-time = "2025-10-14T06:46:48.109Z" },
    { url = "https://files.pythonhosted.org/packages/9c/45/b55825d90af353b3e26c653bab278da9d6563afcf66736677f9397e465be/blake3-1.0.8-cp314-cp314-manylinux_2_17_s390x.manylinux2014_s390x.whl", hash = "sha256:3bafdec95dfffa3f6571e529644744e280337df15ddd9728f224ba70c5779b23", size = 393852, upload-time = "2025-10-14T06:46:49.511Z" },
    { url = "https://files.pythonhosted.org/packages/34/73/9058a1a457dd20491d1b37de53d6876eff125e1520d9b2dd7d0acbc88de2/blake3-1.0.8-cp314-cp314-manylinux_2_17_x86_64.manylinux2014_x86_64.whl", hash = "sha256:2d78f06f3fb838b34c330e2987090376145cbe5944d8608a0c4779c779618f7b", size = 386442, upload-time = "2025-10-14T06:46:51.205Z" },
    { url = "https://files.pythonhosted.org/packages/30/6d/561d537ffc17985e276e08bf4513f1c106f1fdbef571e782604dc4e44070/blake3-1.0.8-cp314-cp314-musllinux_1_1_aarch64.whl", hash = "sha256:dd03ff08d1b6e4fdda1cd03826f971ae8966ef6f683a8c68aa27fb21904b5aa9", size = 549929, upload-time = "2025-10-14T06:46:52.494Z" },
    { url = "https://files.pythonhosted.org/packages/03/2f/dbe20d2c57f1a67c63be4ba310bcebc707b945c902a0bde075d2a8f5cd5c/blake3-1.0.8-cp314-cp314-musllinux_1_1_x86_64.whl", hash = "sha256:4e02a3c499e35bf51fc15b2738aca1a76410804c877bcd914752cac4f71f052a", size = 553750, upload-time = "2025-10-14T06:46:54.194Z" },
    { url = "https://files.pythonhosted.org/packages/6b/da/c6cb712663c869b2814870c2798e57289c4268c5ac5fb12d467fce244860/blake3-1.0.8-cp314-cp314-win32.whl", hash = "sha256:a585357d5d8774aad9ffc12435de457f9e35cde55e0dc8bc43ab590a6929e59f", size = 228404, upload-time = "2025-10-14T06:46:56.807Z" },
    { url = "https://files.pythonhosted.org/packages/dc/b6/c7dcd8bc3094bba1c4274e432f9e77a7df703532ca000eaa550bd066b870/blake3-1.0.8-cp314-cp314-win_amd64.whl", hash = "sha256:9ab5998e2abd9754819753bc2f1cf3edf82d95402bff46aeef45ed392a5468bf", size = 215460, upload-time = "2025-10-14T06:46:58.15Z" },
    { url = "https://files.pythonhosted.org/packages/75/3c/6c8afd856c353176836daa5cc33a7989e8f54569e9d53eb1c53fc8f80c34/blake3-1.0.8-cp314-cp314t-macosx_10_12_x86_64.whl", hash = "sha256:e2df12f295f95a804338bd300e8fad4a6f54fd49bd4d9c5893855a230b5188a8", size = 347482, upload-time = "2025-10-14T06:47:00.189Z" },
    { url = "https://files.pythonhosted.org/packages/6a/35/92cd5501ce8e1f5cabdc0c3ac62d69fdb13ff0b60b62abbb2b6d0a53a790/blake3-1.0.8-cp314-cp314t-macosx_11_0_arm64.whl", hash = "sha256:63379be58438878eeb76ebe4f0efbeaabf42b79f2cff23b6126b7991588ced67", size = 324376, upload-time = "2025-10-14T06:47:01.413Z" },
    { url = "https://files.pythonhosted.org/packages/11/33/503b37220a3e2e31917ef13722efd00055af51c5e88ae30974c733d7ece6/blake3-1.0.8-cp314-cp314t-manylinux_2_17_aarch64.manylinux2014_aarch64.whl", hash = "sha256:88d527c247f9609dc1d45a08fd243e39f0d5300d54c57e048de24d4fa9240ebb", size = 370220, upload-time = "2025-10-14T06:47:02.573Z" },
    { url = "https://files.pythonhosted.org/packages/3e/df/fe817843adf59516c04d44387bd643b422a3b0400ea95c6ede6a49920737/blake3-1.0.8-cp314-cp314t-manylinux_2_17_armv7l.manylinux2014_armv7l.whl", hash = "sha256:506a47897a11ebe8f3cdeb52f1365d6a2f83959e98ccb0c830f8f73277d4d358", size = 373454, upload-time = "2025-10-14T06:47:03.784Z" },
    { url = "https://files.pythonhosted.org/packages/d1/4d/90a2a623575373dfc9b683f1bad1bf017feafa5a6d65d94fb09543050740/blake3-1.0.8-cp314-cp314t-manylinux_2_17_i686.manylinux2014_i686.whl", hash = "sha256:e5122a61b3b004bbbd979bdf83a3aaab432da3e2a842d7ddf1c273f2503b4884", size = 447102, upload-time = "2025-10-14T06:47:04.958Z" },
    { url = "https://files.pythonhosted.org/packages/93/ff/4e8ce314f60115c4c657b1fdbe9225b991da4f5bcc5d1c1f1d151e2f39d6/blake3-1.0.8-cp314-cp314t-manylinux_2_17_ppc64le.manylinux2014_ppc64le.whl", hash = "sha256:0171e85d56dec1219abdae5f49a0ed12cb3f86a454c29160a64fd8a8166bba37", size = 506791, upload-time = "2025-10-14T06:47:06.82Z" },
    { url = "https://files.pythonhosted.org/packages/44/88/2963a1f18aab52bdcf35379b2b48c34bbc462320c37e76960636b8602c36/blake3-1.0.8-cp314-cp314t-manylinux_2_17_s390x.manylinux2014_s390x.whl", hash = "sha256:003f61e8c41dd9931edddf1cc6a1bb680fb2ac0ad15493ef4a1df9adc59ce9df", size = 393717, upload-time = "2025-10-14T06:47:09.085Z" },
    { url = "https://files.pythonhosted.org/packages/45/d1/a848ed8e8d4e236b9b16381768c9ae99d92890c24886bb4505aa9c3d2033/blake3-1.0.8-cp314-cp314t-manylinux_2_17_x86_64.manylinux2014_x86_64.whl", hash = "sha256:d2c3151955efb09ba58cd3e1263521e15e9e3866a40d6bd3556d86fc968e8f95", size = 386150, upload-time = "2025-10-14T06:47:10.363Z" },
    { url = "https://files.pythonhosted.org/packages/96/09/e3eb5d60f97c01de23d9f434e6e1fc117efb466eaa1f6ddbbbcb62580d6e/blake3-1.0.8-cp314-cp314t-musllinux_1_1_aarch64.whl", hash = "sha256:5eb25bca3cee2e0dd746a214784fb36be6a43640c01c55b6b4e26196e72d076c", size = 549120, upload-time = "2025-10-14T06:47:11.713Z" },
    { url = "https://files.pythonhosted.org/packages/14/ad/3d9661c710febb8957dd685fdb3e5a861aa0ac918eda3031365ce45789e2/blake3-1.0.8-cp314-cp314t-musllinux_1_1_x86_64.whl", hash = "sha256:ab4e1dea4fa857944944db78e8f20d99ee2e16b2dea5a14f514fb0607753ac83", size = 553264, upload-time = "2025-10-14T06:47:13.317Z" },
    { url = "https://files.pythonhosted.org/packages/11/55/e332a5b49edf377d0690e95951cca21a00c568f6e37315f9749efee52617/blake3-1.0.8-cp314-cp314t-win32.whl", hash = "sha256:67f1bc11bf59464ef092488c707b13dd4e872db36e25c453dfb6e0c7498df9f1", size = 228116, upload-time = "2025-10-14T06:47:14.516Z" },
    { url = "https://files.pythonhosted.org/packages/b0/5c/dbd00727a3dd165d7e0e8af40e630cd7e45d77b525a3218afaff8a87358e/blake3-1.0.8-cp314-cp314t-win_amd64.whl", hash = "sha256:421b99cdf1ff2d1bf703bc56c454f4b286fce68454dd8711abbcb5a0df90c19a", size = 215133, upload-time = "2025-10-14T06:47:16.069Z" },
]

[[package]]
name = "duckdb"
version = "1.5.3"
source = { registry = "https://pypi.org/simple" }
sdist = { url = "https://files.pythonhosted.org/packages/69/00/d579dcb2a536b6ea3a2563cdad6844f77d81a9b2d4b22a858097f2468acf/duckdb-1.5.3.tar.gz", hash = "sha256:df39428eb130faa35ae96fd35245bdeae6ecf43936250b116b5fead568eb9f16", size = 18026640, upload-time = "2026-05-20T11:55:31.901Z" }
wheels = [
    { url = "https://files.pythonhosted.org/packages/a5/c2/d4b6f8a5e4d3bc25773be6da76a99d9661ebbf3552c007c460d2dd59dbf8/duckdb-1.5.3-cp314-cp314-macosx_10_15_universal2.whl", hash = "sha256:4bfa9a4dadf71e83e2c4eaca2f9421c82a54defecc1b0b4c0be95e2389dec4fe", size = 32636685, upload-time = "2026-05-20T11:55:13.158Z" },
    { url = "https://files.pythonhosted.org/packages/42/58/e835c8298979d29db7a62cb5acc29e9b57aeaca7cdde2fcd3ac980f5cb18/duckdb-1.5.3-cp314-cp314-macosx_10_15_x86_64.whl", hash = "sha256:aea7baf67ad7e1829ac76f67d7dcbd7fb1f57c3eb179d55ac30952df4709ae30", size = 17308134, upload-time = "2026-05-20T11:55:16.194Z" },
    { url = "https://files.pythonhosted.org/packages/c9/46/617b51363f5613418c8b224b3cce16b58e6dde80904566bec232579c1d4e/duckdb-1.5.3-cp314-cp314-macosx_11_0_arm64.whl", hash = "sha256:0b0b4f088a65d77e1217ce5d7eff889e63fedc44281200d899ff47c84d8ff836", size = 15449891, upload-time = "2026-05-20T11:55:18.687Z" },
    { url = "https://files.pythonhosted.org/packages/b3/72/354146656e8d9ba3853d3a5ee80a481b8c5f70edfc3d5ae80a8c4479c967/duckdb-1.5.3-cp314-cp314-manylinux_2_26_aarch64.manylinux_2_28_aarch64.whl", hash = "sha256:fe8d0c1f6a120aa03fa6e0d03897c71a1842e6cf7afd31d181348391f7108fe1", size = 19338499, upload-time = "2026-05-20T11:55:21.34Z" },
    { url = "https://files.pythonhosted.org/packages/56/8f/65fc623b51448f2bfba1a9ec6ab3debb4664c0876c0113a5e782600b53ac/duckdb-1.5.3-cp314-cp314-manylinux_2_26_x86_64.manylinux_2_28_x86_64.whl", hash = "sha256:d0405eae18ec6e8210a471c97dbfe87a7e4d605274b7fe572a1f276e92158f13", size = 21455828, upload-time = "2026-05-20T11:55:23.847Z" },
    { url = "https://files.pythonhosted.org/packages/2b/db/d0274cbe9f5fe219f77c0bdf900ac77103569e83c102a4225ce04cbc607d/duckdb-1.5.3-cp314-cp314-win_amd64.whl", hash = "sha256:33ae08b3e818d7613d8936744b67718c2062c2f530376895bfd89efb51b81538", size = 13640011, upload-time = "2026-05-20T11:55:26.276Z" },
    { url = "https://files.pythonhosted.org/packages/07/5d/8f1899b8bef291caf953992fcd6c24df9f29387a35645e58c2504a5ca473/duckdb-1.5.3-cp314-cp314-win_arm64.whl", hash = "sha256:746433e49bbc667b4df283153415fbe37e9083e0eff6c3cd6e54de7536869cd4", size = 14411554, upload-time = "2026-05-20T11:55:29.037Z" },
]

[[package]]
name = "mze"
version = "0.1.0"
source = { editable = "." }
dependencies = [
    { name = "blake3" },
    { name = "duckdb" },
]

[package.metadata]
requires-dist = [
    { name = "blake3" },
    { name = "duckdb" },
]
